
Microsoft Visual Studio Solution File, Format Version 12.00
# Visual Studio Version 16
VisualStudioVersion = 16.0.31515.178
MinimumVisualStudioVersion = 10.0.40219.1
Project("{FAE04EC0-301F-11D3-BF4B-00C04F79EFBC}") = "aula63", "aula63.csproj", "{03B1801D-0A2A-49B8-BC16-5C3EE21E452A}"
EndProject
Global
	GlobalSection(SolutionConfigurationPlatforms) = preSolution
		Debug|Any CPU = Debug|Any CPU
		Release|Any CPU = Release|Any CPU
	EndGlobalSection
	GlobalSection(ProjectConfigurationPlatforms) = postSolution
		{03B1801D-0A2A-49B8-BC16-5C3EE21E452A}.Debug|Any CPU.ActiveCfg = Debug|Any CPU
		{03B1801D-0A2A-49B8-BC16-5C3EE21E452A}.Debug|Any CPU.Build.0 = Debug|Any CPU
		{03B1801D-0A2A-49B8-BC16-5C3EE21E452A}.Release|Any CPU.ActiveCfg = Release|Any CPU
		{03B1801D-0A2A-49B8-BC16-5C3EE21E452A}.Release|Any CPU.Build.0 = Release|Any CPU
	EndGlobalSection
	GlobalSection(SolutionProperties) = preSolution
		HideSolutionNode = FALSE
	EndGlobalSection
	GlobalSection(ExtensibilityGlobals) = postSolution
		SolutionGuid = {4E46B6FB-5BF8-48F6-ACC4-D1E820482024}
	EndGlobalSection
EndGlobal
