
Microsoft Visual Studio Solution File, Format Version 12.00
# Visual Studio Version 16
VisualStudioVersion = 16.0.31515.178
MinimumVisualStudioVersion = 10.0.40219.1
Project("{FAE04EC0-301F-11D3-BF4B-00C04F79EFBC}") = "aula67", "aula67.csproj", "{9C3F49B3-1C5B-4EB5-8FF1-A36D8847877C}"
EndProject
Global
	GlobalSection(SolutionConfigurationPlatforms) = preSolution
		Debug|Any CPU = Debug|Any CPU
		Release|Any CPU = Release|Any CPU
	EndGlobalSection
	GlobalSection(ProjectConfigurationPlatforms) = postSolution
		{9C3F49B3-1C5B-4EB5-8FF1-A36D8847877C}.Debug|Any CPU.ActiveCfg = Debug|Any CPU
		{9C3F49B3-1C5B-4EB5-8FF1-A36D8847877C}.Debug|Any CPU.Build.0 = Debug|Any CPU
		{9C3F49B3-1C5B-4EB5-8FF1-A36D8847877C}.Release|Any CPU.ActiveCfg = Release|Any CPU
		{9C3F49B3-1C5B-4EB5-8FF1-A36D8847877C}.Release|Any CPU.Build.0 = Release|Any CPU
	EndGlobalSection
	GlobalSection(SolutionProperties) = preSolution
		HideSolutionNode = FALSE
	EndGlobalSection
	GlobalSection(ExtensibilityGlobals) = postSolution
		SolutionGuid = {D188035A-85F6-47A9-A028-51EDE08BF42B}
	EndGlobalSection
EndGlobal
