
Microsoft Visual Studio Solution File, Format Version 12.00
# Visual Studio Version 16
VisualStudioVersion = 16.0.31515.178
MinimumVisualStudioVersion = 10.0.40219.1
Project("{FAE04EC0-301F-11D3-BF4B-00C04F79EFBC}") = "aula64", "aula64.csproj", "{2A4038EC-B4FF-4D2E-AC1C-3273D6C54258}"
EndProject
Global
	GlobalSection(SolutionConfigurationPlatforms) = preSolution
		Debug|Any CPU = Debug|Any CPU
		Release|Any CPU = Release|Any CPU
	EndGlobalSection
	GlobalSection(ProjectConfigurationPlatforms) = postSolution
		{2A4038EC-B4FF-4D2E-AC1C-3273D6C54258}.Debug|Any CPU.ActiveCfg = Debug|Any CPU
		{2A4038EC-B4FF-4D2E-AC1C-3273D6C54258}.Debug|Any CPU.Build.0 = Debug|Any CPU
		{2A4038EC-B4FF-4D2E-AC1C-3273D6C54258}.Release|Any CPU.ActiveCfg = Release|Any CPU
		{2A4038EC-B4FF-4D2E-AC1C-3273D6C54258}.Release|Any CPU.Build.0 = Release|Any CPU
	EndGlobalSection
	GlobalSection(SolutionProperties) = preSolution
		HideSolutionNode = FALSE
	EndGlobalSection
	GlobalSection(ExtensibilityGlobals) = postSolution
		SolutionGuid = {1E3E2115-39D4-4258-968C-F1596B36149D}
	EndGlobalSection
EndGlobal
